
Microsoft Visual Studio Solution File, Format Version 12.00
# Visual Studio 2013
VisualStudioVersion = 12.0.31101.0
MinimumVisualStudioVersion = 10.0.40219.1
Project("{FAE04EC0-301F-11D3-BF4B-00C04F79EFBC}") = "BookLibraryCSW", "BookLibraryCSW\BookLibraryCSW.csproj", "{7CF134E9-538D-4426-93E0-014A87F24799}"
EndProject
Project("{FAE04EC0-301F-11D3-BF4B-00C04F79EFBC}") = "BookLibraryCSW.Tests", "BookLibraryCSW.Tests\BookLibraryCSW.Tests.csproj", "{5ED2DE91-0B57-4CC0-A922-0C18C20CFAE8}"
EndProject
Global
	GlobalSection(SolutionConfigurationPlatforms) = preSolution
		Debug|Any CPU = Debug|Any CPU
		Release|Any CPU = Release|Any CPU
	EndGlobalSection
	GlobalSection(ProjectConfigurationPlatforms) = postSolution
		{7CF134E9-538D-4426-93E0-014A87F24799}.Debug|Any CPU.ActiveCfg = Debug|Any CPU
		{7CF134E9-538D-4426-93E0-014A87F24799}.Debug|Any CPU.Build.0 = Debug|Any CPU
		{7CF134E9-538D-4426-93E0-014A87F24799}.Release|Any CPU.ActiveCfg = Release|Any CPU
		{7CF134E9-538D-4426-93E0-014A87F24799}.Release|Any CPU.Build.0 = Release|Any CPU
		{5ED2DE91-0B57-4CC0-A922-0C18C20CFAE8}.Debug|Any CPU.ActiveCfg = Debug|Any CPU
		{5ED2DE91-0B57-4CC0-A922-0C18C20CFAE8}.Debug|Any CPU.Build.0 = Debug|Any CPU
		{5ED2DE91-0B57-4CC0-A922-0C18C20CFAE8}.Release|Any CPU.ActiveCfg = Release|Any CPU
		{5ED2DE91-0B57-4CC0-A922-0C18C20CFAE8}.Release|Any CPU.Build.0 = Release|Any CPU
	EndGlobalSection
	GlobalSection(SolutionProperties) = preSolution
		HideSolutionNode = FALSE
	EndGlobalSection
EndGlobal
